
Microsoft Visual Studio Solution File, Format Version 12.00
# Visual Studio Version 17
VisualStudioVersion = 17.6.33829.357
MinimumVisualStudioVersion = 10.0.40219.1
Project("{FAE04EC0-301F-11D3-BF4B-00C04F79EFBC}") = "AggroVisionFarm", "AggroVisionFarm\AggroVisionFarm.csproj", "{6481B9A1-1504-47AD-B7F2-D08B5A519747}"
EndProject
Global
	GlobalSection(SolutionConfigurationPlatforms) = preSolution
		Debug|Any CPU = Debug|Any CPU
		Release|Any CPU = Release|Any CPU
	EndGlobalSection
	GlobalSection(ProjectConfigurationPlatforms) = postSolution
		{6481B9A1-1504-47AD-B7F2-D08B5A519747}.Debug|Any CPU.ActiveCfg = Debug|Any CPU
		{6481B9A1-1504-47AD-B7F2-D08B5A519747}.Debug|Any CPU.Build.0 = Debug|Any CPU
		{6481B9A1-1504-47AD-B7F2-D08B5A519747}.Release|Any CPU.ActiveCfg = Release|Any CPU
		{6481B9A1-1504-47AD-B7F2-D08B5A519747}.Release|Any CPU.Build.0 = Release|Any CPU
	EndGlobalSection
	GlobalSection(SolutionProperties) = preSolution
		HideSolutionNode = FALSE
	EndGlobalSection
	GlobalSection(ExtensibilityGlobals) = postSolution
		SolutionGuid = {73921B8B-931D-4AE7-830E-2F24A0159154}
	EndGlobalSection
EndGlobal
